[root]
name = "threaded_async_ops"
version = "0.1.0"
dependencies = [
 "triple_buffer 0.1.0 (registry+https://github.com/rust-lang/crates.io-index)",
]

[[package]]
name = "triple_buffer"
version = "0.1.0"
source = "registry+https://github.com/rust-lang/crates.io-index"

[metadata]
"checksum triple_buffer 0.1.0 (registry+https://github.com/rust-lang/crates.io-index)" = "d002e68918d463268bcc72409bbf34be9c86f1090f589abcdceb74cbc272721e"
